
Microsoft Visual Studio Solution File, Format Version 12.00
# Visual Studio Version 17
VisualStudioVersion = 17.11.35312.102
MinimumVisualStudioVersion = 10.0.40219.1
Project("{FAE04EC0-301F-11D3-BF4B-00C04F79EFBC}") = "http-practice", "http-practice.csproj", "{46F72C9B-5178-4DFB-8EA6-17125A6ACFFC}"
EndProject
Global
	GlobalSection(SolutionConfigurationPlatforms) = preSolution
		Debug|Any CPU = Debug|Any CPU
		Release|Any CPU = Release|Any CPU
	EndGlobalSection
	GlobalSection(ProjectConfigurationPlatforms) = postSolution
		{46F72C9B-5178-4DFB-8EA6-17125A6ACFFC}.Debug|Any CPU.ActiveCfg = Debug|Any CPU
		{46F72C9B-5178-4DFB-8EA6-17125A6ACFFC}.Debug|Any CPU.Build.0 = Debug|Any CPU
		{46F72C9B-5178-4DFB-8EA6-17125A6ACFFC}.Release|Any CPU.ActiveCfg = Release|Any CPU
		{46F72C9B-5178-4DFB-8EA6-17125A6ACFFC}.Release|Any CPU.Build.0 = Release|Any CPU
	EndGlobalSection
	GlobalSection(SolutionProperties) = preSolution
		HideSolutionNode = FALSE
	EndGlobalSection
	GlobalSection(ExtensibilityGlobals) = postSolution
		SolutionGuid = {7FC0F840-F220-4A91-A9C4-449FA81DB930}
	EndGlobalSection
EndGlobal
